
Microsoft Visual Studio Solution File, Format Version 12.00
# Visual Studio Version 16
VisualStudioVersion = 16.0.31112.23
MinimumVisualStudioVersion = 10.0.40219.1
Project("{FAE04EC0-301F-11D3-BF4B-00C04F79EFBC}") = "Login_Proyect.NetMVC", "Login_Proyect.NetMVC\Login_Proyect.NetMVC.csproj", "{60316DE2-3680-489C-AFFF-CB5CF5F2FE6A}"
EndProject
Global
	GlobalSection(SolutionConfigurationPlatforms) = preSolution
		Debug|Any CPU = Debug|Any CPU
		Release|Any CPU = Release|Any CPU
	EndGlobalSection
	GlobalSection(ProjectConfigurationPlatforms) = postSolution
		{60316DE2-3680-489C-AFFF-CB5CF5F2FE6A}.Debug|Any CPU.ActiveCfg = Debug|Any CPU
		{60316DE2-3680-489C-AFFF-CB5CF5F2FE6A}.Debug|Any CPU.Build.0 = Debug|Any CPU
		{60316DE2-3680-489C-AFFF-CB5CF5F2FE6A}.Release|Any CPU.ActiveCfg = Release|Any CPU
		{60316DE2-3680-489C-AFFF-CB5CF5F2FE6A}.Release|Any CPU.Build.0 = Release|Any CPU
	EndGlobalSection
	GlobalSection(SolutionProperties) = preSolution
		HideSolutionNode = FALSE
	EndGlobalSection
	GlobalSection(ExtensibilityGlobals) = postSolution
		SolutionGuid = {AD0F41AB-01C6-471B-8322-21FC1B8AAC86}
	EndGlobalSection
EndGlobal
